<?xml version="1.0" encoding="utf-8"?>
<Project ToolsVersion="4.0" xmlns="http://schemas.microsoft.com/developer/msbuild/2003">
  <ItemGroup>
    <Filter Include="include">
      <UniqueIdentifier>{1bdd9649-5002-4b18-a3ac-0f41ebf1b559}</UniqueIdentifier>
    </Filter>
    <Filter Include="src">
      <UniqueIdentifier>{70d496a6-77c0-41dc-82b3-04c66fb6ca6b}</UniqueIdentifier>
    </Filter>
    <Filter Include="lexlib">
      <UniqueIdentifier>{1ff234b0-2bd3-4fa0-a298-85ac6c1e2031}</UniqueIdentifier>
    </Filter>
    <Filter Include="lexers">
      <UniqueIdentifier>{2dccac42-5607-4388-abd8-8d40119defb9}</UniqueIdentifier>
    </Filter>
  </ItemGroup>
  <ItemGroup>
    <ClCompile Include="lexlib\Accessor.cxx">
      <Filter>lexlib</Filter>
    </ClCompile>
    <ClCompile Include="lexlib\CharacterSet.cxx">
      <Filter>lexlib</Filter>
    </ClCompile>
    <ClCompile Include="lexlib\LexerBase.cxx">
      <Filter>lexlib</Filter>
    </ClCompile>
    <ClCompile Include="lexlib\LexerModule.cxx">
      <Filter>lexlib</Filter>
    </ClCompile>
    <ClCompile Include="lexlib\LexerNoExceptions.cxx">
      <Filter>lexlib</Filter>
    </ClCompile>
    <ClCompile Include="lexlib\LexerSimple.cxx">
      <Filter>lexlib</Filter>
    </ClCompile>
    <ClCompile Include="lexlib\PropSetSimple.cxx">
      <Filter>lexlib</Filter>
    </ClCompile>
    <ClCompile Include="lexlib\StyleContext.cxx">
      <Filter>lexlib</Filter>
    </ClCompile>
    <ClCompile Include="lexlib\WordList.cxx">
      <Filter>lexlib</Filter>
    </ClCompile>
    <ClCompile Include="lexers\LexA68k.cxx">
      <Filter>lexers</Filter>
    </ClCompile>
    <ClCompile Include="lexers\LexAbaqus.cxx">
      <Filter>lexers</Filter>
    </ClCompile>
    <ClCompile Include="lexers\LexAda.cxx">
      <Filter>lexers</Filter>
    </ClCompile>
    <ClCompile Include="lexers\LexAPDL.cxx">
      <Filter>lexers</Filter>
    </ClCompile>
    <ClCompile Include="lexers\LexAsm.cxx">
      <Filter>lexers</Filter>
    </ClCompile>
    <ClCompile Include="lexers\LexAsn1.cxx">
      <Filter>lexers</Filter>
    </ClCompile>
    <ClCompile Include="lexers\LexASY.cxx">
      <Filter>lexers</Filter>
    </ClCompile>
    <ClCompile Include="lexers\LexAU3.cxx">
      <Filter>lexers</Filter>
    </ClCompile>
    <ClCompile Include="lexers\LexAVE.cxx">
      <Filter>lexers</Filter>
    </ClCompile>
    <ClCompile Include="lexers\LexBaan.cxx">
      <Filter>lexers</Filter>
    </ClCompile>
    <ClCompile Include="lexers\LexBash.cxx">
      <Filter>lexers</Filter>
    </ClCompile>
    <ClCompile Include="lexers\LexBasic.cxx">
      <Filter>lexers</Filter>
    </ClCompile>
    <ClCompile Include="lexers\LexBullant.cxx">
      <Filter>lexers</Filter>
    </ClCompile>
    <ClCompile Include="lexers\LexCaml.cxx">
      <Filter>lexers</Filter>
    </ClCompile>
    <ClCompile Include="lexers\LexCLW.cxx">
      <Filter>lexers</Filter>
    </ClCompile>
    <ClCompile Include="lexers\LexCmake.cxx">
      <Filter>lexers</Filter>
    </ClCompile>
    <ClCompile Include="lexers\LexCOBOL.cxx">
      <Filter>lexers</Filter>
    </ClCompile>
    <ClCompile Include="lexers\LexConf.cxx">
      <Filter>lexers</Filter>
    </ClCompile>
    <ClCompile Include="lexers\LexCPP.cxx">
      <Filter>lexers</Filter>
    </ClCompile>
    <ClCompile Include="lexers\LexCrontab.cxx">
      <Filter>lexers</Filter>
    </ClCompile>
    <ClCompile Include="lexers\LexCsound.cxx">
      <Filter>lexers</Filter>
    </ClCompile>
    <ClCompile Include="lexers\LexCSS.cxx">
      <Filter>lexers</Filter>
    </ClCompile>
    <ClCompile Include="lexers\LexD.cxx">
      <Filter>lexers</Filter>
    </ClCompile>
    <ClCompile Include="lexers\LexEiffel.cxx">
      <Filter>lexers</Filter>
    </ClCompile>
    <ClCompile Include="lexers\LexErlang.cxx">
      <Filter>lexers</Filter>
    </ClCompile>
    <ClCompile Include="lexers\LexEScript.cxx">
      <Filter>lexers</Filter>
    </ClCompile>
    <ClCompile Include="lexers\LexFlagship.cxx">
      <Filter>lexers</Filter>
    </ClCompile>
    <ClCompile Include="lexers\LexForth.cxx">
      <Filter>lexers</Filter>
    </ClCompile>
    <ClCompile Include="lexers\LexFortran.cxx">
      <Filter>lexers</Filter>
    </ClCompile>
    <ClCompile Include="lexers\LexGAP.cxx">
      <Filter>lexers</Filter>
    </ClCompile>
    <ClCompile Include="lexers\LexGui4Cli.cxx">
      <Filter>lexers</Filter>
    </ClCompile>
    <ClCompile Include="lexers\LexHaskell.cxx">
      <Filter>lexers</Filter>
    </ClCompile>
    <ClCompile Include="lexers\LexHTML.cxx">
      <Filter>lexers</Filter>
    </ClCompile>
    <ClCompile Include="lexers\LexInno.cxx">
      <Filter>lexers</Filter>
    </ClCompile>
    <ClCompile Include="lexers\LexKix.cxx">
      <Filter>lexers</Filter>
    </ClCompile>
    <ClCompile Include="lexers\LexLisp.cxx">
      <Filter>lexers</Filter>
    </ClCompile>
    <ClCompile Include="lexers\LexLout.cxx">
      <Filter>lexers</Filter>
    </ClCompile>
    <ClCompile Include="lexers\LexLua.cxx">
      <Filter>lexers</Filter>
    </ClCompile>
    <ClCompile Include="lexers\LexMagik.cxx">
      <Filter>lexers</Filter>
    </ClCompile>
    <ClCompile Include="lexers\LexMarkdown.cxx">
      <Filter>lexers</Filter>
    </ClCompile>
    <ClCompile Include="lexers\LexMatlab.cxx">
      <Filter>lexers</Filter>
    </ClCompile>
    <ClCompile Include="lexers\LexMetapost.cxx">
      <Filter>lexers</Filter>
    </ClCompile>
    <ClCompile Include="lexers\LexMMIXAL.cxx">
      <Filter>lexers</Filter>
    </ClCompile>
    <ClCompile Include="lexers\LexModula.cxx">
      <Filter>lexers</Filter>
    </ClCompile>
    <ClCompile Include="lexers\LexMPT.cxx">
      <Filter>lexers</Filter>
    </ClCompile>
    <ClCompile Include="lexers\LexMSSQL.cxx">
      <Filter>lexers</Filter>
    </ClCompile>
    <ClCompile Include="lexers\LexMySQL.cxx">
      <Filter>lexers</Filter>
    </ClCompile>
    <ClCompile Include="lexers\LexNimrod.cxx">
      <Filter>lexers</Filter>
    </ClCompile>
    <ClCompile Include="lexers\LexNsis.cxx">
      <Filter>lexers</Filter>
    </ClCompile>
    <ClCompile Include="lexers\LexOpal.cxx">
      <Filter>lexers</Filter>
    </ClCompile>
    <ClCompile Include="lexers\LexOthers.cxx">
      <Filter>lexers</Filter>
    </ClCompile>
    <ClCompile Include="lexers\LexPascal.cxx">
      <Filter>lexers</Filter>
    </ClCompile>
    <ClCompile Include="lexers\LexPB.cxx">
      <Filter>lexers</Filter>
    </ClCompile>
    <ClCompile Include="lexers\LexPerl.cxx">
      <Filter>lexers</Filter>
    </ClCompile>
    <ClCompile Include="lexers\LexPLM.cxx">
      <Filter>lexers</Filter>
    </ClCompile>
    <ClCompile Include="lexers\LexPOV.cxx">
      <Filter>lexers</Filter>
    </ClCompile>
    <ClCompile Include="lexers\LexPowerPro.cxx">
      <Filter>lexers</Filter>
    </ClCompile>
    <ClCompile Include="lexers\LexPowerShell.cxx">
      <Filter>lexers</Filter>
    </ClCompile>
    <ClCompile Include="lexers\LexProgress.cxx">
      <Filter>lexers</Filter>
    </ClCompile>
    <ClCompile Include="lexers\LexPS.cxx">
      <Filter>lexers</Filter>
    </ClCompile>
    <ClCompile Include="lexers\LexPython.cxx">
      <Filter>lexers</Filter>
    </ClCompile>
    <ClCompile Include="lexers\LexR.cxx">
      <Filter>lexers</Filter>
    </ClCompile>
    <ClCompile Include="lexers\LexRebol.cxx">
      <Filter>lexers</Filter>
    </ClCompile>
    <ClCompile Include="lexers\LexRuby.cxx">
      <Filter>lexers</Filter>
    </ClCompile>
    <ClCompile Include="lexers\LexScriptol.cxx">
      <Filter>lexers</Filter>
    </ClCompile>
    <ClCompile Include="lexers\LexSmalltalk.cxx">
      <Filter>lexers</Filter>
    </ClCompile>
    <ClCompile Include="lexers\LexSML.cxx">
      <Filter>lexers</Filter>
    </ClCompile>
    <ClCompile Include="lexers\LexSorcus.cxx">
      <Filter>lexers</Filter>
    </ClCompile>
    <ClCompile Include="lexers\LexSpecman.cxx">
      <Filter>lexers</Filter>
    </ClCompile>
    <ClCompile Include="lexers\LexSpice.cxx">
      <Filter>lexers</Filter>
    </ClCompile>
    <ClCompile Include="lexers\LexSQL.cxx">
      <Filter>lexers</Filter>
    </ClCompile>
    <ClCompile Include="lexers\LexTACL.cxx">
      <Filter>lexers</Filter>
    </ClCompile>
    <ClCompile Include="lexers\LexTADS3.cxx">
      <Filter>lexers</Filter>
    </ClCompile>
    <ClCompile Include="lexers\LexTAL.cxx">
      <Filter>lexers</Filter>
    </ClCompile>
    <ClCompile Include="lexers\LexTCL.cxx">
      <Filter>lexers</Filter>
    </ClCompile>
    <ClCompile Include="lexers\LexTeX.cxx">
      <Filter>lexers</Filter>
    </ClCompile>
    <ClCompile Include="lexers\LexTxt2tags.cxx">
      <Filter>lexers</Filter>
    </ClCompile>
    <ClCompile Include="lexers\LexVB.cxx">
      <Filter>lexers</Filter>
    </ClCompile>
    <ClCompile Include="lexers\LexVerilog.cxx">
      <Filter>lexers</Filter>
    </ClCompile>
    <ClCompile Include="lexers\LexVHDL.cxx">
      <Filter>lexers</Filter>
    </ClCompile>
    <ClCompile Include="lexers\LexYAML.cxx">
      <Filter>lexers</Filter>
    </ClCompile>
    <ClCompile Include="Catalogue.cxx">
      <Filter>src</Filter>
    </ClCompile>
    <ClCompile Include="CellBuffer.cxx">
      <Filter>src</Filter>
    </ClCompile>
    <ClCompile Include="CharClassify.cxx">
      <Filter>src</Filter>
    </ClCompile>
    <ClCompile Include="ContractionState.cxx">
      <Filter>src</Filter>
    </ClCompile>
    <ClCompile Include="Decoration.cxx">
      <Filter>src</Filter>
    </ClCompile>
    <ClCompile Include="Document.cxx">
      <Filter>src</Filter>
    </ClCompile>
    <ClCompile Include="Editor.cxx">
      <Filter>src</Filter>
    </ClCompile>
    <ClCompile Include="Indicator.cxx">
      <Filter>src</Filter>
    </ClCompile>
    <ClCompile Include="KeyMap.cxx">
      <Filter>src</Filter>
    </ClCompile>
    <ClCompile Include="LineMarker.cxx">
      <Filter>src</Filter>
    </ClCompile>
    <ClCompile Include="PerLine.cxx">
      <Filter>src</Filter>
    </ClCompile>
    <ClCompile Include="PositionCache.cxx">
      <Filter>src</Filter>
    </ClCompile>
    <ClCompile Include="RESearch.cxx">
      <Filter>src</Filter>
    </ClCompile>
    <ClCompile Include="RunStyles.cxx">
      <Filter>src</Filter>
    </ClCompile>
    <ClCompile Include="Selection.cxx">
      <Filter>src</Filter>
    </ClCompile>
    <ClCompile Include="Style.cxx">
      <Filter>src</Filter>
    </ClCompile>
    <ClCompile Include="UniConversion.cxx">
      <Filter>src</Filter>
    </ClCompile>
    <ClCompile Include="ViewStyle.cxx">
      <Filter>src</Filter>
    </ClCompile>
    <ClCompile Include="XPM.cxx">
      <Filter>src</Filter>
    </ClCompile>
  </ItemGroup>
  <ItemGroup>
    <ClInclude Include="lexlib\Accessor.h">
      <Filter>lexlib</Filter>
    </ClInclude>
    <ClInclude Include="lexlib\CharacterSet.h">
      <Filter>lexlib</Filter>
    </ClInclude>
    <ClInclude Include="lexlib\LexAccessor.h">
      <Filter>lexlib</Filter>
    </ClInclude>
    <ClInclude Include="lexlib\LexerBase.h">
      <Filter>lexlib</Filter>
    </ClInclude>
    <ClInclude Include="lexlib\LexerModule.h">
      <Filter>lexlib</Filter>
    </ClInclude>
    <ClInclude Include="lexlib\LexerNoExceptions.h">
      <Filter>lexlib</Filter>
    </ClInclude>
    <ClInclude Include="lexlib\LexerSimple.h">
      <Filter>lexlib</Filter>
    </ClInclude>
    <ClInclude Include="lexlib\OptionSet.h">
      <Filter>lexlib</Filter>
    </ClInclude>
    <ClInclude Include="lexlib\PropSetSimple.h">
      <Filter>lexlib</Filter>
    </ClInclude>
    <ClInclude Include="lexlib\SparseState.h">
      <Filter>lexlib</Filter>
    </ClInclude>
    <ClInclude Include="lexlib\StyleContext.h">
      <Filter>lexlib</Filter>
    </ClInclude>
    <ClInclude Include="lexlib\WordList.h">
      <Filter>lexlib</Filter>
    </ClInclude>
    <ClInclude Include="ILexer.h">
      <Filter>include</Filter>
    </ClInclude>
    <ClInclude Include="Platform.h">
      <Filter>include</Filter>
    </ClInclude>
    <ClInclude Include="SciLexer.h">
      <Filter>include</Filter>
    </ClInclude>
    <ClInclude Include="Scintilla.h">
      <Filter>include</Filter>
    </ClInclude>
    <ClInclude Include="Catalogue.h">
      <Filter>src</Filter>
    </ClInclude>
    <ClInclude Include="CellBuffer.h">
      <Filter>src</Filter>
    </ClInclude>
    <ClInclude Include="CharClassify.h">
      <Filter>src</Filter>
    </ClInclude>
    <ClInclude Include="ContractionState.h">
      <Filter>src</Filter>
    </ClInclude>
    <ClInclude Include="Decoration.h">
      <Filter>src</Filter>
    </ClInclude>
    <ClInclude Include="Document.h">
      <Filter>src</Filter>
    </ClInclude>
    <ClInclude Include="Editor.h">
      <Filter>src</Filter>
    </ClInclude>
    <ClInclude Include="FontQuality.h">
      <Filter>src</Filter>
    </ClInclude>
    <ClInclude Include="Indicator.h">
      <Filter>src</Filter>
    </ClInclude>
    <ClInclude Include="KeyMap.h">
      <Filter>src</Filter>
    </ClInclude>
    <ClInclude Include="LineMarker.h">
      <Filter>src</Filter>
    </ClInclude>
    <ClInclude Include="Partitioning.h">
      <Filter>src</Filter>
    </ClInclude>
    <ClInclude Include="PerLine.h">
      <Filter>src</Filter>
    </ClInclude>
    <ClInclude Include="PositionCache.h">
      <Filter>src</Filter>
    </ClInclude>
    <ClInclude Include="RESearch.h">
      <Filter>src</Filter>
    </ClInclude>
    <ClInclude Include="RunStyles.h">
      <Filter>src</Filter>
    </ClInclude>
    <ClInclude Include="Selection.h">
      <Filter>src</Filter>
    </ClInclude>
    <ClInclude Include="SplitVector.h">
      <Filter>src</Filter>
    </ClInclude>
    <ClInclude Include="Style.h">
      <Filter>src</Filter>
    </ClInclude>
    <ClInclude Include="SVector.h">
      <Filter>src</Filter>
    </ClInclude>
    <ClInclude Include="UniConversion.h">
      <Filter>src</Filter>
    </ClInclude>
    <ClInclude Include="ViewStyle.h">
      <Filter>src</Filter>
    </ClInclude>
    <ClInclude Include="XPM.h">
      <Filter>src</Filter>
    </ClInclude>
  </ItemGroup>
  <ItemGroup>
    <None Include="LexGen.py">
      <Filter>src</Filter>
    </None>
    <None Include="SciTE.properties">
      <Filter>src</Filter>
    </None>
  </ItemGroup>
</Project>